
Microsoft Visual Studio Solution File, Format Version 12.00
# Visual Studio Version 16
VisualStudioVersion = 16.0.30204.135
MinimumVisualStudioVersion = 10.0.40219.1
Project("{FAE04EC0-301F-11D3-BF4B-00C04F79EFBC}") = "UpLiftCurse", "UpLiftCurse\UpLiftCurse.csproj", "{FD96E06D-54BF-4DFC-82CE-676674B4D8EA}"
EndProject
Project("{FAE04EC0-301F-11D3-BF4B-00C04F79EFBC}") = "UpLiftCurse.AccessData", "UpLiftCurse.AccessData\UpLiftCurse.AccessData.csproj", "{11C4CCCB-C2C9-43B7-B2D3-6E52A38FAE57}"
EndProject
Project("{FAE04EC0-301F-11D3-BF4B-00C04F79EFBC}") = "UpLiftCurse.Utility", "UpLiftCurse.Utility\UpLiftCurse.Utility.csproj", "{4660F74E-AAEC-4D51-8C20-4660406A5224}"
EndProject
Project("{FAE04EC0-301F-11D3-BF4B-00C04F79EFBC}") = "UpLiftCurse.Models", "UpLiftCurse.Models\UpLiftCurse.Models.csproj", "{FF5A9141-2352-4C81-B6F3-5145B51AA165}"
EndProject
Global
	GlobalSection(SolutionConfigurationPlatforms) = preSolution
		Debug|Any CPU = Debug|Any CPU
		Release|Any CPU = Release|Any CPU
	EndGlobalSection
	GlobalSection(ProjectConfigurationPlatforms) = postSolution
		{FD96E06D-54BF-4DFC-82CE-676674B4D8EA}.Debug|Any CPU.ActiveCfg = Debug|Any CPU
		{FD96E06D-54BF-4DFC-82CE-676674B4D8EA}.Debug|Any CPU.Build.0 = Debug|Any CPU
		{FD96E06D-54BF-4DFC-82CE-676674B4D8EA}.Release|Any CPU.ActiveCfg = Release|Any CPU
		{FD96E06D-54BF-4DFC-82CE-676674B4D8EA}.Release|Any CPU.Build.0 = Release|Any CPU
		{11C4CCCB-C2C9-43B7-B2D3-6E52A38FAE57}.Debug|Any CPU.ActiveCfg = Debug|Any CPU
		{11C4CCCB-C2C9-43B7-B2D3-6E52A38FAE57}.Debug|Any CPU.Build.0 = Debug|Any CPU
		{11C4CCCB-C2C9-43B7-B2D3-6E52A38FAE57}.Release|Any CPU.ActiveCfg = Release|Any CPU
		{11C4CCCB-C2C9-43B7-B2D3-6E52A38FAE57}.Release|Any CPU.Build.0 = Release|Any CPU
		{4660F74E-AAEC-4D51-8C20-4660406A5224}.Debug|Any CPU.ActiveCfg = Debug|Any CPU
		{4660F74E-AAEC-4D51-8C20-4660406A5224}.Debug|Any CPU.Build.0 = Debug|Any CPU
		{4660F74E-AAEC-4D51-8C20-4660406A5224}.Release|Any CPU.ActiveCfg = Release|Any CPU
		{4660F74E-AAEC-4D51-8C20-4660406A5224}.Release|Any CPU.Build.0 = Release|Any CPU
		{FF5A9141-2352-4C81-B6F3-5145B51AA165}.Debug|Any CPU.ActiveCfg = Debug|Any CPU
		{FF5A9141-2352-4C81-B6F3-5145B51AA165}.Debug|Any CPU.Build.0 = Debug|Any CPU
		{FF5A9141-2352-4C81-B6F3-5145B51AA165}.Release|Any CPU.ActiveCfg = Release|Any CPU
		{FF5A9141-2352-4C81-B6F3-5145B51AA165}.Release|Any CPU.Build.0 = Release|Any CPU
	EndGlobalSection
	GlobalSection(SolutionProperties) = preSolution
		HideSolutionNode = FALSE
	EndGlobalSection
	GlobalSection(ExtensibilityGlobals) = postSolution
		SolutionGuid = {A62A963C-FF0F-4E6A-9C37-DC265AE82FDA}
	EndGlobalSection
EndGlobal
